
Microsoft Visual Studio Solution File, Format Version 12.00
Project("{FAE04EC0-301F-11D3-BF4B-00C04F79EFBC}") = "MyMoney.Api.Sdk", "MyMoney.Api.Sdk\MyMoney.Api.Sdk.csproj", "{D6577C31-87E5-41CD-A45B-DFA2C8372994}"
EndProject
Project("{FAE04EC0-301F-11D3-BF4B-00C04F79EFBC}") = "MyMoney.Api.Sdk.Tests", "MyMoney.Api.Sdk.Tests\MyMoney.Api.Sdk.Tests.csproj", "{84F0988E-9E45-489A-A181-D38503FB77CD}"
EndProject
Global
	GlobalSection(SolutionConfigurationPlatforms) = preSolution
		Debug|Any CPU = Debug|Any CPU
		Release|Any CPU = Release|Any CPU
	EndGlobalSection
	GlobalSection(ProjectConfigurationPlatforms) = postSolution
		{D6577C31-87E5-41CD-A45B-DFA2C8372994}.Debug|Any CPU.ActiveCfg = Debug|Any CPU
		{D6577C31-87E5-41CD-A45B-DFA2C8372994}.Debug|Any CPU.Build.0 = Debug|Any CPU
		{D6577C31-87E5-41CD-A45B-DFA2C8372994}.Release|Any CPU.ActiveCfg = Release|Any CPU
		{D6577C31-87E5-41CD-A45B-DFA2C8372994}.Release|Any CPU.Build.0 = Release|Any CPU
		{84F0988E-9E45-489A-A181-D38503FB77CD}.Debug|Any CPU.ActiveCfg = Debug|Any CPU
		{84F0988E-9E45-489A-A181-D38503FB77CD}.Debug|Any CPU.Build.0 = Debug|Any CPU
		{84F0988E-9E45-489A-A181-D38503FB77CD}.Release|Any CPU.ActiveCfg = Release|Any CPU
		{84F0988E-9E45-489A-A181-D38503FB77CD}.Release|Any CPU.Build.0 = Release|Any CPU
	EndGlobalSection
EndGlobal
